
Microsoft Visual Studio Solution File, Format Version 12.00
# Visual Studio Version 16
VisualStudioVersion = 16.0.31424.327
MinimumVisualStudioVersion = 10.0.40219.1
Project("{9A19103F-16F7-4668-BE54-9A1E7A4F7556}") = "DataAccess", "DataAccess\DataAccess.csproj", "{4EF23BE7-FC9E-4A5E-8298-454F6F8B0073}"
EndProject
Project("{9A19103F-16F7-4668-BE54-9A1E7A4F7556}") = "Business", "Business\Business.csproj", "{262196C6-1EB6-4416-AB7F-BFE442EE4CE3}"
EndProject
Project("{9A19103F-16F7-4668-BE54-9A1E7A4F7556}") = "Entities", "Entities\Entities.csproj", "{A506A150-A342-46BD-B0D3-A1E372F00C26}"
EndProject
Project("{9A19103F-16F7-4668-BE54-9A1E7A4F7556}") = "ConsoleUI", "ConsoleUI\ConsoleUI.csproj", "{DCA9032C-8318-4958-963E-B2F597A6153B}"
EndProject
Project("{FAE04EC0-301F-11D3-BF4B-00C04F79EFBC}") = "Core", "Core\Core.csproj", "{B6CFB6F4-73E5-45DF-9D38-3A55CEF535C0}"
EndProject
Project("{9A19103F-16F7-4668-BE54-9A1E7A4F7556}") = "ReCheckKnowledge", "ReCheckKnowledge\ReCheckKnowledge.csproj", "{0397EDD8-4D99-42F4-B5ED-30D28B86E7C7}"
EndProject
Project("{FAE04EC0-301F-11D3-BF4B-00C04F79EFBC}") = "WebAPI", "WebAPI\WebAPI.csproj", "{39AF259F-2CEB-42FC-8A10-712BEBA35330}"
EndProject
Global
	GlobalSection(SolutionConfigurationPlatforms) = preSolution
		Debug|Any CPU = Debug|Any CPU
		Release|Any CPU = Release|Any CPU
	EndGlobalSection
	GlobalSection(ProjectConfigurationPlatforms) = postSolution
		{4EF23BE7-FC9E-4A5E-8298-454F6F8B0073}.Debug|Any CPU.ActiveCfg = Debug|Any CPU
		{4EF23BE7-FC9E-4A5E-8298-454F6F8B0073}.Debug|Any CPU.Build.0 = Debug|Any CPU
		{4EF23BE7-FC9E-4A5E-8298-454F6F8B0073}.Release|Any CPU.ActiveCfg = Release|Any CPU
		{4EF23BE7-FC9E-4A5E-8298-454F6F8B0073}.Release|Any CPU.Build.0 = Release|Any CPU
		{262196C6-1EB6-4416-AB7F-BFE442EE4CE3}.Debug|Any CPU.ActiveCfg = Debug|Any CPU
		{262196C6-1EB6-4416-AB7F-BFE442EE4CE3}.Debug|Any CPU.Build.0 = Debug|Any CPU
		{262196C6-1EB6-4416-AB7F-BFE442EE4CE3}.Release|Any CPU.ActiveCfg = Release|Any CPU
		{262196C6-1EB6-4416-AB7F-BFE442EE4CE3}.Release|Any CPU.Build.0 = Release|Any CPU
		{A506A150-A342-46BD-B0D3-A1E372F00C26}.Debug|Any CPU.ActiveCfg = Debug|Any CPU
		{A506A150-A342-46BD-B0D3-A1E372F00C26}.Debug|Any CPU.Build.0 = Debug|Any CPU
		{A506A150-A342-46BD-B0D3-A1E372F00C26}.Release|Any CPU.ActiveCfg = Release|Any CPU
		{A506A150-A342-46BD-B0D3-A1E372F00C26}.Release|Any CPU.Build.0 = Release|Any CPU
		{DCA9032C-8318-4958-963E-B2F597A6153B}.Debug|Any CPU.ActiveCfg = Debug|Any CPU
		{DCA9032C-8318-4958-963E-B2F597A6153B}.Debug|Any CPU.Build.0 = Debug|Any CPU
		{DCA9032C-8318-4958-963E-B2F597A6153B}.Release|Any CPU.ActiveCfg = Release|Any CPU
		{DCA9032C-8318-4958-963E-B2F597A6153B}.Release|Any CPU.Build.0 = Release|Any CPU
		{B6CFB6F4-73E5-45DF-9D38-3A55CEF535C0}.Debug|Any CPU.ActiveCfg = Debug|Any CPU
		{B6CFB6F4-73E5-45DF-9D38-3A55CEF535C0}.Debug|Any CPU.Build.0 = Debug|Any CPU
		{B6CFB6F4-73E5-45DF-9D38-3A55CEF535C0}.Release|Any CPU.ActiveCfg = Release|Any CPU
		{B6CFB6F4-73E5-45DF-9D38-3A55CEF535C0}.Release|Any CPU.Build.0 = Release|Any CPU
		{0397EDD8-4D99-42F4-B5ED-30D28B86E7C7}.Debug|Any CPU.ActiveCfg = Debug|Any CPU
		{0397EDD8-4D99-42F4-B5ED-30D28B86E7C7}.Debug|Any CPU.Build.0 = Debug|Any CPU
		{0397EDD8-4D99-42F4-B5ED-30D28B86E7C7}.Release|Any CPU.ActiveCfg = Release|Any CPU
		{0397EDD8-4D99-42F4-B5ED-30D28B86E7C7}.Release|Any CPU.Build.0 = Release|Any CPU
		{39AF259F-2CEB-42FC-8A10-712BEBA35330}.Debug|Any CPU.ActiveCfg = Debug|Any CPU
		{39AF259F-2CEB-42FC-8A10-712BEBA35330}.Debug|Any CPU.Build.0 = Debug|Any CPU
		{39AF259F-2CEB-42FC-8A10-712BEBA35330}.Release|Any CPU.ActiveCfg = Release|Any CPU
		{39AF259F-2CEB-42FC-8A10-712BEBA35330}.Release|Any CPU.Build.0 = Release|Any CPU
	EndGlobalSection
	GlobalSection(SolutionProperties) = preSolution
		HideSolutionNode = FALSE
	EndGlobalSection
	GlobalSection(ExtensibilityGlobals) = postSolution
		SolutionGuid = {EED2C7B5-FF3E-4A88-A409-E5C8F142AF26}
	EndGlobalSection
EndGlobal
